<?xml version="1.0" encoding="utf-8"?>
<Project ToolsVersion="4.0" xmlns="http://schemas.microsoft.com/developer/msbuild/2003">
  <ItemGroup>
    <Filter Include="src">
      <UniqueIdentifier>{5526cddc-eed4-4ba0-9c6f-3b3fe4024c90}</UniqueIdentifier>
    </Filter>
  </ItemGroup>
  <ItemGroup>
    <ClCompile Include="src\main.cpp">
      <Filter>src</Filter>
    </ClCompile>
    <ClCompile Include="src\TOY.cpp">
      <Filter>src</Filter>
    </ClCompile>
    <ClCompile Include="src\TOY_Win32.cpp">
      <Filter>src</Filter>
    </ClCompile>
  </ItemGroup>
  <ItemGroup>
    <ClInclude Include="src\TOY.h">
      <Filter>src</Filter>
    </ClInclude>
    <ClInclude Include="src\TOY_Win32.h">
      <Filter>src</Filter>
    </ClInclude>
  </ItemGroup>
</Project>