<?xml version="1.0" encoding="utf-8"?>
<Project ToolsVersion="4.0" xmlns="http://schemas.microsoft.com/developer/msbuild/2003">
  <ItemGroup>
    <Filter Include="src">
      <UniqueIdentifier>{3bdfd267-2410-44bf-aca3-c1f2435544a3}</UniqueIdentifier>
    </Filter>
    <Filter Include="src\Math">
      <UniqueIdentifier>{893c5214-0397-48d5-a99c-4d1ab886eab1}</UniqueIdentifier>
    </Filter>
    <Filter Include="src\Util">
      <UniqueIdentifier>{0cac6495-25e3-4313-8d32-edc37ffc6fcc}</UniqueIdentifier>
    </Filter>
    <Filter Include="src\GFX">
      <UniqueIdentifier>{4710450d-4f85-4fa0-be27-c4570f3c899f}</UniqueIdentifier>
    </Filter>
    <Filter Include="src\Input">
      <UniqueIdentifier>{33621bc2-709c-417e-8aa5-ff0be1ba8fbe}</UniqueIdentifier>
    </Filter>
  </ItemGroup>
  <ItemGroup>
    <ClCompile Include="$(MSBuildThisFileDirectory)src\CKAMath.cpp">
      <Filter>src\Math</Filter>
    </ClCompile>
    <ClCompile Include="$(MSBuildThisFileDirectory)src\CKAUtil.cpp">
      <Filter>src\Util</Filter>
    </ClCompile>
    <ClCompile Include="$(MSBuildThisFileDirectory)src\CKAGFX.cpp">
      <Filter>src\GFX</Filter>
    </ClCompile>
    <ClCompile Include="$(MSBuildThisFileDirectory)src\Gamepad.cpp">
      <Filter>src\Input</Filter>
    </ClCompile>
    <ClCompile Include="$(MSBuildThisFileDirectory)src\Keyboard.cpp">
      <Filter>src\Input</Filter>
    </ClCompile>
    <ClCompile Include="$(MSBuildThisFileDirectory)src\Mouse.cpp">
      <Filter>src\Input</Filter>
    </ClCompile>
    <ClCompile Include="$(MSBuildThisFileDirectory)src\CKAFile.cpp">
      <Filter>src\Util</Filter>
    </ClCompile>
    <ClCompile Include="$(MSBuildThisFileDirectory)src\CKAParser.cpp">
      <Filter>src\Util</Filter>
    </ClCompile>
  </ItemGroup>
  <ItemGroup>
    <ClInclude Include="$(MSBuildThisFileDirectory)src\CKAMath.h">
      <Filter>src\Math</Filter>
    </ClInclude>
    <ClInclude Include="$(MSBuildThisFileDirectory)src\CKAUtil.h">
      <Filter>src\Util</Filter>
    </ClInclude>
    <ClInclude Include="$(MSBuildThisFileDirectory)src\Common.h">
      <Filter>src</Filter>
    </ClInclude>
    <ClInclude Include="$(MSBuildThisFileDirectory)src\CKAGFX.h">
      <Filter>src\GFX</Filter>
    </ClInclude>
    <ClInclude Include="$(MSBuildThisFileDirectory)src\CKAInput.h">
      <Filter>src\Input</Filter>
    </ClInclude>
    <ClInclude Include="$(MSBuildThisFileDirectory)src\Gamepad.h">
      <Filter>src\Input</Filter>
    </ClInclude>
    <ClInclude Include="$(MSBuildThisFileDirectory)src\Keyboard.h">
      <Filter>src\Input</Filter>
    </ClInclude>
    <ClInclude Include="$(MSBuildThisFileDirectory)src\Mouse.h">
      <Filter>src\Input</Filter>
    </ClInclude>
    <ClInclude Include="$(MSBuildThisFileDirectory)src\CKAFile.h">
      <Filter>src\Util</Filter>
    </ClInclude>
    <ClInclude Include="$(MSBuildThisFileDirectory)src\CKAParser.h">
      <Filter>src\Util</Filter>
    </ClInclude>
  </ItemGroup>
  <ItemGroup>
    <None Include="$(MSBuildThisFileDirectory)src\CKAUtil.inl">
      <Filter>src\Util</Filter>
    </None>
    <None Include="$(MSBuildThisFileDirectory)src\DynamicArray.inl">
      <Filter>src\Util</Filter>
    </None>
    <None Include="$(MSBuildThisFileDirectory)src\Map.inl">
      <Filter>src\Util</Filter>
    </None>
  </ItemGroup>
</Project>